// !$*UTF8*$!
{
	archiveVersion = 1;
	classes = {
	};
	objectVersion = 55;
	objects = {

/* Begin PBXBuildFile section */
		4D492B682965A51C00F607AD /* HomeScreenView.swift in Sources */ = {isa = PBXBuildFile; fileRef = 4D492B672965A51C00F607AD /* HomeScreenView.swift */; };
		4D492B6A2965F32600F607AD /* BookingScreenView.swift in Sources */ = {isa = PBXBuildFile; fileRef = 4D492B692965F32600F607AD /* BookingScreenView.swift */; };
		4DA493E4296341DB0019023B /* AppDelegate.swift in Sources */ = {isa = PBXBuildFile; fileRef = 4DA493E3296341DB0019023B /* AppDelegate.swift */; };
		4DA493E8296341DB0019023B /* LoginViewController.swift in Sources */ = {isa = PBXBuildFile; fileRef = 4DA493E7296341DB0019023B /* LoginViewController.swift */; };
		4DA493ED296341DC0019023B /* Assets.xcassets in Resources */ = {isa = PBXBuildFile; fileRef = 4DA493EC296341DC0019023B /* Assets.xcassets */; };
		4DA493F0296341DC0019023B /* LaunchScreen.storyboard in Resources */ = {isa = PBXBuildFile; fileRef = 4DA493EE296341DC0019023B /* LaunchScreen.storyboard */; };
		4DA493FF296345650019023B /* SignUpViewController.swift in Sources */ = {isa = PBXBuildFile; fileRef = 4DA493FE296345650019023B /* SignUpViewController.swift */; };
		4DA49401296346080019023B /* HomeScreenViewController.swift in Sources */ = {isa = PBXBuildFile; fileRef = 4DA49400296346080019023B /* HomeScreenViewController.swift */; };
		4DA494032963465D0019023B /* BookingScreenViewController.swift in Sources */ = {isa = PBXBuildFile; fileRef = 4DA494022963465D0019023B /* BookingScreenViewController.swift */; };
		4DA49405296346960019023B /* User.swift in Sources */ = {isa = PBXBuildFile; fileRef = 4DA49404296346960019023B /* User.swift */; };
		4DA4940729634D840019023B /* BookingConfirmationViewController.swift in Sources */ = {isa = PBXBuildFile; fileRef = 4DA4940629634D840019023B /* BookingConfirmationViewController.swift */; };
		4DA4940929634DA30019023B /* BookingListViewController.swift in Sources */ = {isa = PBXBuildFile; fileRef = 4DA4940829634DA30019023B /* BookingListViewController.swift */; };
		4DA4940B29634E340019023B /* Schedule.swift in Sources */ = {isa = PBXBuildFile; fileRef = 4DA4940A29634E340019023B /* Schedule.swift */; };
		4DA4940D2963534F0019023B /* LoginScreenView.swift in Sources */ = {isa = PBXBuildFile; fileRef = 4DA4940C2963534F0019023B /* LoginScreenView.swift */; };
		4DA4940F29635E270019023B /* UIView+Extension.swift in Sources */ = {isa = PBXBuildFile; fileRef = 4DA4940E29635E270019023B /* UIView+Extension.swift */; };
		4DA4941129645BF60019023B /* SignUpScreenView.swift in Sources */ = {isa = PBXBuildFile; fileRef = 4DA4941029645BF60019023B /* SignUpScreenView.swift */; };
/* End PBXBuildFile section */

/* Begin PBXFileReference section */
		4D492B672965A51C00F607AD /* HomeScreenView.swift */ = {isa = PBXFileReference; lastKnownFileType = sourcecode.swift; path = HomeScreenView.swift; sourceTree = "<group>"; };
		4D492B692965F32600F607AD /* BookingScreenView.swift */ = {isa = PBXFileReference; lastKnownFileType = sourcecode.swift; path = BookingScreenView.swift; sourceTree = "<group>"; };
		4DA493E0296341DB0019023B /* desafio2.app */ = {isa = PBXFileReference; explicitFileType = wrapper.application; includeInIndex = 0; path = desafio2.app; sourceTree = BUILT_PRODUCTS_DIR; };
		4DA493E3296341DB0019023B /* AppDelegate.swift */ = {isa = PBXFileReference; lastKnownFileType = sourcecode.swift; path = AppDelegate.swift; sourceTree = "<group>"; };
		4DA493E7296341DB0019023B /* LoginViewController.swift */ = {isa = PBXFileReference; lastKnownFileType = sourcecode.swift; path = LoginViewController.swift; sourceTree = "<group>"; };
		4DA493EC296341DC0019023B /* Assets.xcassets */ = {isa = PBXFileReference; lastKnownFileType = folder.assetcatalog; path = Assets.xcassets; sourceTree = "<group>"; };
		4DA493EF296341DC0019023B /* Base */ = {isa = PBXFileReference; lastKnownFileType = file.storyboard; name = Base; path = Base.lproj/LaunchScreen.storyboard; sourceTree = "<group>"; };
		4DA493F1296341DC0019023B /* Info.plist */ = {isa = PBXFileReference; lastKnownFileType = text.plist.xml; path = Info.plist; sourceTree = "<group>"; };
		4DA493FE296345650019023B /* SignUpViewController.swift */ = {isa = PBXFileReference; lastKnownFileType = sourcecode.swift; path = SignUpViewController.swift; sourceTree = "<group>"; };
		4DA49400296346080019023B /* HomeScreenViewController.swift */ = {isa = PBXFileReference; lastKnownFileType = sourcecode.swift; path = HomeScreenViewController.swift; sourceTree = "<group>"; };
		4DA494022963465D0019023B /* BookingScreenViewController.swift */ = {isa = PBXFileReference; lastKnownFileType = sourcecode.swift; path = BookingScreenViewController.swift; sourceTree = "<group>"; };
		4DA49404296346960019023B /* User.swift */ = {isa = PBXFileReference; lastKnownFileType = sourcecode.swift; path = User.swift; sourceTree = "<group>"; };
		4DA4940629634D840019023B /* BookingConfirmationViewController.swift */ = {isa = PBXFileReference; lastKnownFileType = sourcecode.swift; path = BookingConfirmationViewController.swift; sourceTree = "<group>"; };
		4DA4940829634DA30019023B /* BookingListViewController.swift */ = {isa = PBXFileReference; lastKnownFileType = sourcecode.swift; path = BookingListViewController.swift; sourceTree = "<group>"; };
		4DA4940A29634E340019023B /* Schedule.swift */ = {isa = PBXFileReference; lastKnownFileType = sourcecode.swift; path = Schedule.swift; sourceTree = "<group>"; };
		4DA4940C2963534F0019023B /* LoginScreenView.swift */ = {isa = PBXFileReference; lastKnownFileType = sourcecode.swift; path = LoginScreenView.swift; sourceTree = "<group>"; };
		4DA4940E29635E270019023B /* UIView+Extension.swift */ = {isa = PBXFileReference; lastKnownFileType = sourcecode.swift; path = "UIView+Extension.swift"; sourceTree = "<group>"; };
		4DA4941029645BF60019023B /* SignUpScreenView.swift */ = {isa = PBXFileReference; lastKnownFileType = sourcecode.swift; path = SignUpScreenView.swift; sourceTree = "<group>"; };
/* End PBXFileReference section */

/* Begin PBXFrameworksBuildPhase section */
		4DA493DD296341DB0019023B /* Frameworks */ = {
			isa = PBXFrameworksBuildPhase;
			buildActionMask = 2147483647;
			files = (
			);
			runOnlyForDeploymentPostprocessing = 0;
		};
/* End PBXFrameworksBuildPhase section */

/* Begin PBXGroup section */
		4DA493D7296341DB0019023B = {
			isa = PBXGroup;
			children = (
				4DA493E2296341DB0019023B /* desafio2 */,
				4DA493E1296341DB0019023B /* Products */,
			);
			sourceTree = "<group>";
		};
		4DA493E1296341DB0019023B /* Products */ = {
			isa = PBXGroup;
			children = (
				4DA493E0296341DB0019023B /* desafio2.app */,
			);
			name = Products;
			sourceTree = "<group>";
		};
		4DA493E2296341DB0019023B /* desafio2 */ = {
			isa = PBXGroup;
			children = (
				4DA493FD296344150019023B /* Commons */,
				4DA493FC296343F60019023B /* Models */,
				4DA493FB296343EA0019023B /* Views */,
				4DA493FA296343E00019023B /* Controllers */,
				4DA493F9296343B80019023B /* Delegates */,
				4DA493F8296343AE0019023B /* Storyboard */,
				4DA493F7296343A10019023B /* Resources */,
				4DA493F1296341DC0019023B /* Info.plist */,
			);
			path = desafio2;
			sourceTree = "<group>";
		};
		4DA493F7296343A10019023B /* Resources */ = {
			isa = PBXGroup;
			children = (
				4DA493EC296341DC0019023B /* Assets.xcassets */,
			);
			path = Resources;
			sourceTree = "<group>";
		};
		4DA493F8296343AE0019023B /* Storyboard */ = {
			isa = PBXGroup;
			children = (
				4DA493EE296341DC0019023B /* LaunchScreen.storyboard */,
			);
			path = Storyboard;
			sourceTree = "<group>";
		};
		4DA493F9296343B80019023B /* Delegates */ = {
			isa = PBXGroup;
			children = (
				4DA493E3296341DB0019023B /* AppDelegate.swift */,
			);
			path = Delegates;
			sourceTree = "<group>";
		};
		4DA493FA296343E00019023B /* Controllers */ = {
			isa = PBXGroup;
			children = (
				4DA493E7296341DB0019023B /* LoginViewController.swift */,
				4DA493FE296345650019023B /* SignUpViewController.swift */,
				4DA49400296346080019023B /* HomeScreenViewController.swift */,
				4DA494022963465D0019023B /* BookingScreenViewController.swift */,
				4DA4940629634D840019023B /* BookingConfirmationViewController.swift */,
				4DA4940829634DA30019023B /* BookingListViewController.swift */,
			);
			path = Controllers;
			sourceTree = "<group>";
		};
		4DA493FB296343EA0019023B /* Views */ = {
			isa = PBXGroup;
			children = (
				4DA4940C2963534F0019023B /* LoginScreenView.swift */,
				4DA4941029645BF60019023B /* SignUpScreenView.swift */,
				4D492B672965A51C00F607AD /* HomeScreenView.swift */,
				4D492B692965F32600F607AD /* BookingScreenView.swift */,
			);
			path = Views;
			sourceTree = "<group>";
		};
		4DA493FC296343F60019023B /* Models */ = {
			isa = PBXGroup;
			children = (
				4DA49404296346960019023B /* User.swift */,
				4DA4940A29634E340019023B /* Schedule.swift */,
			);
			path = Models;
			sourceTree = "<group>";
		};
		4DA493FD296344150019023B /* Commons */ = {
			isa = PBXGroup;
			children = (
				4DA4940E29635E270019023B /* UIView+Extension.swift */,
			);
			path = Commons;
			sourceTree = "<group>";
		};
/* End PBXGroup section */

/* Begin PBXNativeTarget section */
		4DA493DF296341DB0019023B /* desafio2 */ = {
			isa = PBXNativeTarget;
			buildConfigurationList = 4DA493F4296341DC0019023B /* Build configuration list for PBXNativeTarget "desafio2" */;
			buildPhases = (
				4DA493DC296341DB0019023B /* Sources */,
				4DA493DD296341DB0019023B /* Frameworks */,
				4DA493DE296341DB0019023B /* Resources */,
			);
			buildRules = (
			);
			dependencies = (
			);
			name = desafio2;
			productName = desafio2;
			productReference = 4DA493E0296341DB0019023B /* desafio2.app */;
			productType = "com.apple.product-type.application";
		};
/* End PBXNativeTarget section */

/* Begin PBXProject section */
		4DA493D8296341DB0019023B /* Project object */ = {
			isa = PBXProject;
			attributes = {
				BuildIndependentTargetsInParallel = 1;
				LastSwiftUpdateCheck = 1340;
				LastUpgradeCheck = 1340;
				TargetAttributes = {
					4DA493DF296341DB0019023B = {
						CreatedOnToolsVersion = 13.4.1;
					};
				};
			};
			buildConfigurationList = 4DA493DB296341DB0019023B /* Build configuration list for PBXProject "desafio2" */;
			compatibilityVersion = "Xcode 13.0";
			developmentRegion = en;
			hasScannedForEncodings = 0;
			knownRegions = (
				en,
				Base,
			);
			mainGroup = 4DA493D7296341DB0019023B;
			productRefGroup = 4DA493E1296341DB0019023B /* Products */;
			projectDirPath = "";
			projectRoot = "";
			targets = (
				4DA493DF296341DB0019023B /* desafio2 */,
			);
		};
/* End PBXProject section */

/* Begin PBXResourcesBuildPhase section */
		4DA493DE296341DB0019023B /* Resources */ = {
			isa = PBXResourcesBuildPhase;
			buildActionMask = 2147483647;
			files = (
				4DA493F0296341DC0019023B /* LaunchScreen.storyboard in Resources */,
				4DA493ED296341DC0019023B /* Assets.xcassets in Resources */,
			);
			runOnlyForDeploymentPostprocessing = 0;
		};
/* End PBXResourcesBuildPhase section */

/* Begin PBXSourcesBuildPhase section */
		4DA493DC296341DB0019023B /* Sources */ = {
			isa = PBXSourcesBuildPhase;
			buildActionMask = 2147483647;
			files = (
				4DA4940F29635E270019023B /* UIView+Extension.swift in Sources */,
				4DA493FF296345650019023B /* SignUpViewController.swift in Sources */,
				4DA49401296346080019023B /* HomeScreenViewController.swift in Sources */,
				4DA4940D2963534F0019023B /* LoginScreenView.swift in Sources */,
				4DA49405296346960019023B /* User.swift in Sources */,
				4DA4940B29634E340019023B /* Schedule.swift in Sources */,
				4DA4941129645BF60019023B /* SignUpScreenView.swift in Sources */,
				4DA493E8296341DB0019023B /* LoginViewController.swift in Sources */,
				4DA493E4296341DB0019023B /* AppDelegate.swift in Sources */,
				4DA4940729634D840019023B /* BookingConfirmationViewController.swift in Sources */,
				4D492B682965A51C00F607AD /* HomeScreenView.swift in Sources */,
				4DA4940929634DA30019023B /* BookingListViewController.swift in Sources */,
				4D492B6A2965F32600F607AD /* BookingScreenView.swift in Sources */,
				4DA494032963465D0019023B /* BookingScreenViewController.swift in Sources */,
			);
			runOnlyForDeploymentPostprocessing = 0;
		};
/* End PBXSourcesBuildPhase section */

/* Begin PBXVariantGroup section */
		4DA493EE296341DC0019023B /* LaunchScreen.storyboard */ = {
			isa = PBXVariantGroup;
			children = (
				4DA493EF296341DC0019023B /* Base */,
			);
			name = LaunchScreen.storyboard;
			sourceTree = "<group>";
		};
/* End PBXVariantGroup section */

/* Begin XCBuildConfiguration section */
		4DA493F2296341DC0019023B /* Debug */ = {
			isa = XCBuildConfiguration;
			buildSettings = {
				ALWAYS_SEARCH_USER_PATHS = NO;
				CLANG_ANALYZER_NONNULL = YES;
				CLANG_ANALYZER_NUMBER_OBJECT_CONVERSION = YES_AGGRESSIVE;
				CLANG_CXX_LANGUAGE_STANDARD = "gnu++17";
				CLANG_ENABLE_MODULES = YES;
				CLANG_ENABLE_OBJC_ARC = YES;
				CLANG_ENABLE_OBJC_WEAK = YES;
				CLANG_WARN_BLOCK_CAPTURE_AUTORELEASING = YES;
				CLANG_WARN_BOOL_CONVERSION = YES;
				CLANG_WARN_COMMA = YES;
				CLANG_WARN_CONSTANT_CONVERSION = YES;
				CLANG_WARN_DEPRECATED_OBJC_IMPLEMENTATIONS = YES;
				CLANG_WARN_DIRECT_OBJC_ISA_USAGE = YES_ERROR;
				CLANG_WARN_DOCUMENTATION_COMMENTS = YES;
				CLANG_WARN_EMPTY_BODY = YES;
				CLANG_WARN_ENUM_CONVERSION = YES;
				CLANG_WARN_INFINITE_RECURSION = YES;
				CLANG_WARN_INT_CONVERSION = YES;
				CLANG_WARN_NON_LITERAL_NULL_CONVERSION = YES;
				CLANG_WARN_OBJC_IMPLICIT_RETAIN_SELF = YES;
				CLANG_WARN_OBJC_LITERAL_CONVERSION = YES;
				CLANG_WARN_OBJC_ROOT_CLASS = YES_ERROR;
				CLANG_WARN_QUOTED_INCLUDE_IN_FRAMEWORK_HEADER = YES;
				CLANG_WARN_RANGE_LOOP_ANALYSIS = YES;
				CLANG_WARN_STRICT_PROTOTYPES = YES;
				CLANG_WARN_SUSPICIOUS_MOVE = YES;
				CLANG_WARN_UNGUARDED_AVAILABILITY = YES_AGGRESSIVE;
				CLANG_WARN_UNREACHABLE_CODE = YES;
				CLANG_WARN__DUPLICATE_METHOD_MATCH = YES;
				COPY_PHASE_STRIP = NO;
				DEBUG_INFORMATION_FORMAT = dwarf;
				ENABLE_STRICT_OBJC_MSGSEND = YES;
				ENABLE_TESTABILITY = YES;
				GCC_C_LANGUAGE_STANDARD = gnu11;
				GCC_DYNAMIC_NO_PIC = NO;
				GCC_NO_COMMON_BLOCKS = YES;
				GCC_OPTIMIZATION_LEVEL = 0;
				GCC_PREPROCESSOR_DEFINITIONS = (
					"DEBUG=1",
					"$(inherited)",
				);
				GCC_WARN_64_TO_32_BIT_CONVERSION = YES;
				GCC_WARN_ABOUT_RETURN_TYPE = YES_ERROR;
				GCC_WARN_UNDECLARED_SELECTOR = YES;
				GCC_WARN_UNINITIALIZED_AUTOS = YES_AGGRESSIVE;
				GCC_WARN_UNUSED_FUNCTION = YES;
				GCC_WARN_UNUSED_VARIABLE = YES;
				IPHONEOS_DEPLOYMENT_TARGET = 15.5;
				MTL_ENABLE_DEBUG_INFO = INCLUDE_SOURCE;
				MTL_FAST_MATH = YES;
				ONLY_ACTIVE_ARCH = YES;
				SDKROOT = iphoneos;
				SWIFT_ACTIVE_COMPILATION_CONDITIONS = DEBUG;
				SWIFT_OPTIMIZATION_LEVEL = "-Onone";
			};
			name = Debug;
		};
		4DA493F3296341DC0019023B /* Release */ = {
			isa = XCBuildConfiguration;
			buildSettings = {
				ALWAYS_SEARCH_USER_PATHS = NO;
				CLANG_ANALYZER_NONNULL = YES;
				CLANG_ANALYZER_NUMBER_OBJECT_CONVERSION = YES_AGGRESSIVE;
				CLANG_CXX_LANGUAGE_STANDARD = "gnu++17";
				CLANG_ENABLE_MODULES = YES;
				CLANG_ENABLE_OBJC_ARC = YES;
				CLANG_ENABLE_OBJC_WEAK = YES;
				CLANG_WARN_BLOCK_CAPTURE_AUTORELEASING = YES;
				CLANG_WARN_BOOL_CONVERSION = YES;
				CLANG_WARN_COMMA = YES;
				CLANG_WARN_CONSTANT_CONVERSION = YES;
				CLANG_WARN_DEPRECATED_OBJC_IMPLEMENTATIONS = YES;
				CLANG_WARN_DIRECT_OBJC_ISA_USAGE = YES_ERROR;
				CLANG_WARN_DOCUMENTATION_COMMENTS = YES;
				CLANG_WARN_EMPTY_BODY = YES;
				CLANG_WARN_ENUM_CONVERSION = YES;
				CLANG_WARN_INFINITE_RECURSION = YES;
				CLANG_WARN_INT_CONVERSION = YES;
				CLANG_WARN_NON_LITERAL_NULL_CONVERSION = YES;
				CLANG_WARN_OBJC_IMPLICIT_RETAIN_SELF = YES;
				CLANG_WARN_OBJC_LITERAL_CONVERSION = YES;
				CLANG_WARN_OBJC_ROOT_CLASS = YES_ERROR;
				CLANG_WARN_QUOTED_INCLUDE_IN_FRAMEWORK_HEADER = YES;
				CLANG_WARN_RANGE_LOOP_ANALYSIS = YES;
				CLANG_WARN_STRICT_PROTOTYPES = YES;
				CLANG_WARN_SUSPICIOUS_MOVE = YES;
				CLANG_WARN_UNGUARDED_AVAILABILITY = YES_AGGRESSIVE;
				CLANG_WARN_UNREACHABLE_CODE = YES;
				CLANG_WARN__DUPLICATE_METHOD_MATCH = YES;
				COPY_PHASE_STRIP = NO;
				DEBUG_INFORMATION_FORMAT = "dwarf-with-dsym";
				ENABLE_NS_ASSERTIONS = NO;
				ENABLE_STRICT_OBJC_MSGSEND = YES;
				GCC_C_LANGUAGE_STANDARD = gnu11;
				GCC_NO_COMMON_BLOCKS = YES;
				GCC_WARN_64_TO_32_BIT_CONVERSION = YES;
				GCC_WARN_ABOUT_RETURN_TYPE = YES_ERROR;
				GCC_WARN_UNDECLARED_SELECTOR = YES;
				GCC_WARN_UNINITIALIZED_AUTOS = YES_AGGRESSIVE;
				GCC_WARN_UNUSED_FUNCTION = YES;
				GCC_WARN_UNUSED_VARIABLE = YES;
				IPHONEOS_DEPLOYMENT_TARGET = 15.5;
				MTL_ENABLE_DEBUG_INFO = NO;
				MTL_FAST_MATH = YES;
				SDKROOT = iphoneos;
				SWIFT_COMPILATION_MODE = wholemodule;
				SWIFT_OPTIMIZATION_LEVEL = "-O";
				VALIDATE_PRODUCT = YES;
			};
			name = Release;
		};
		4DA493F5296341DC0019023B /* Debug */ = {
			isa = XCBuildConfiguration;
			buildSettings = {
				ASSETCATALOG_COMPILER_APPICON_NAME = AppIcon;
				ASSETCATALOG_COMPILER_GLOBAL_ACCENT_COLOR_NAME = AccentColor;
				CODE_SIGN_STYLE = Automatic;
				CURRENT_PROJECT_VERSION = 1;
				GENERATE_INFOPLIST_FILE = YES;
				INFOPLIST_FILE = desafio2/Info.plist;
				INFOPLIST_KEY_UIApplicationSupportsIndirectInputEvents = YES;
				INFOPLIST_KEY_UILaunchStoryboardName = LaunchScreen;
				INFOPLIST_KEY_UISupportedInterfaceOrientations_iPad = "UIInterfaceOrientationPortrait UIInterfaceOrientationPortraitUpsideDown UIInterfaceOrientationLandscapeLeft UIInterfaceOrientationLandscapeRight";
				INFOPLIST_KEY_UISupportedInterfaceOrientations_iPhone = "UIInterfaceOrientationPortrait UIInterfaceOrientationLandscapeLeft UIInterfaceOrientationLandscapeRight";
				LD_RUNPATH_SEARCH_PATHS = (
					"$(inherited)",
					"@executable_path/Frameworks",
				);
				MARKETING_VERSION = 1.0;
				PRODUCT_BUNDLE_IDENTIFIER = com.desafio2;
				PRODUCT_NAME = "$(TARGET_NAME)";
				SWIFT_EMIT_LOC_STRINGS = YES;
				SWIFT_VERSION = 5.0;
				TARGETED_DEVICE_FAMILY = "1,2";
			};
			name = Debug;
		};
		4DA493F6296341DC0019023B /* Release */ = {
			isa = XCBuildConfiguration;
			buildSettings = {
				ASSETCATALOG_COMPILER_APPICON_NAME = AppIcon;
				ASSETCATALOG_COMPILER_GLOBAL_ACCENT_COLOR_NAME = AccentColor;
				CODE_SIGN_STYLE = Automatic;
				CURRENT_PROJECT_VERSION = 1;
				GENERATE_INFOPLIST_FILE = YES;
				INFOPLIST_FILE = desafio2/Info.plist;
				INFOPLIST_KEY_UIApplicationSupportsIndirectInputEvents = YES;
				INFOPLIST_KEY_UILaunchStoryboardName = LaunchScreen;
				INFOPLIST_KEY_UISupportedInterfaceOrientations_iPad = "UIInterfaceOrientationPortrait UIInterfaceOrientationPortraitUpsideDown UIInterfaceOrientationLandscapeLeft UIInterfaceOrientationLandscapeRight";
				INFOPLIST_KEY_UISupportedInterfaceOrientations_iPhone = "UIInterfaceOrientationPortrait UIInterfaceOrientationLandscapeLeft UIInterfaceOrientationLandscapeRight";
				LD_RUNPATH_SEARCH_PATHS = (
					"$(inherited)",
					"@executable_path/Frameworks",
				);
				MARKETING_VERSION = 1.0;
				PRODUCT_BUNDLE_IDENTIFIER = com.desafio2;
				PRODUCT_NAME = "$(TARGET_NAME)";
				SWIFT_EMIT_LOC_STRINGS = YES;
				SWIFT_VERSION = 5.0;
				TARGETED_DEVICE_FAMILY = "1,2";
			};
			name = Release;
		};
/* End XCBuildConfiguration section */

/* Begin XCConfigurationList section */
		4DA493DB296341DB0019023B /* Build configuration list for PBXProject "desafio2" */ = {
			isa = XCConfigurationList;
			buildConfigurations = (
				4DA493F2296341DC0019023B /* Debug */,
				4DA493F3296341DC0019023B /* Release */,
			);
			defaultConfigurationIsVisible = 0;
			defaultConfigurationName = Release;
		};
		4DA493F4296341DC0019023B /* Build configuration list for PBXNativeTarget "desafio2" */ = {
			isa = XCConfigurationList;
			buildConfigurations = (
				4DA493F5296341DC0019023B /* Debug */,
				4DA493F6296341DC0019023B /* Release */,
			);
			defaultConfigurationIsVisible = 0;
			defaultConfigurationName = Release;
		};
/* End XCConfigurationList section */
	};
	rootObject = 4DA493D8296341DB0019023B /* Project object */;
}
